# THIS IS AN AUTOGENERATED FILE. DO NOT EDIT THIS FILE DIRECTLY.
# yarn lockfile v1


"@types/raphael@^2.1.30":
  version "2.3.7"
  resolved "https://registry.yarnpkg.com/@types/raphael/-/raphael-2.3.7.tgz#314b9ad86979f4841acb85ac2e29ed5efb8e362b"
  integrity sha512-IZdbYWK8LJhB4eR9xGnACAijwzWEYjbP71910rkP6H4Qf8JsMw02YUz+3lSdVor5q8Xdqq8UL+LmzppnCDWm2g==

eve-raphael@0.5.0:
  version "0.5.0"
  resolved "https://registry.npmjs.org/eve-raphael/-/eve-raphael-0.5.0.tgz"
  integrity sha1-F8dUt5K+7z+maE15z1pHxjxM2jA=

pcre-to-regexp@^1.1.0:
  version "1.1.0"
  resolved "https://registry.npmjs.org/pcre-to-regexp/-/pcre-to-regexp-1.1.0.tgz"
  integrity sha512-KF9XxmUQJ2DIlMj3TqNqY1AWvyvTuIuq11CuuekxyaYMiFuMKGgQrePYMX5bXKLhLG3sDI4CsGAYHPaT7VV7+g==

raphael@^2.3.0:
  version "2.3.0"
  resolved "https://registry.npmjs.org/raphael/-/raphael-2.3.0.tgz"
  integrity sha512-w2yIenZAQnp257XUWGni4bLMVxpUpcIl7qgxEgDIXtmSypYtlNxfXWpOBxs7LBTps5sDwhRnrToJrMUrivqNTQ==
  dependencies:
    eve-raphael "0.5.0"
